
Microsoft Visual Studio Solution File, Format Version 12.00
# Visual Studio Version 17
VisualStudioVersion = 17.8.34330.188
MinimumVisualStudioVersion = 10.0.40219.1
Project("{FAE04EC0-301F-11D3-BF4B-00C04F79EFBC}") = "WpfApp1", "WpfApp1\WpfApp1.csproj", "{2858C712-C4EE-4A00-88C6-9FA06F5C49F8}"
EndProject
Global
	GlobalSection(SolutionConfigurationPlatforms) = preSolution
		Debug|Any CPU = Debug|Any CPU
		Release|Any CPU = Release|Any CPU
	EndGlobalSection
	GlobalSection(ProjectConfigurationPlatforms) = postSolution
		{2858C712-C4EE-4A00-88C6-9FA06F5C49F8}.Debug|Any CPU.ActiveCfg = Debug|Any CPU
		{2858C712-C4EE-4A00-88C6-9FA06F5C49F8}.Debug|Any CPU.Build.0 = Debug|Any CPU
		{2858C712-C4EE-4A00-88C6-9FA06F5C49F8}.Release|Any CPU.ActiveCfg = Release|Any CPU
		{2858C712-C4EE-4A00-88C6-9FA06F5C49F8}.Release|Any CPU.Build.0 = Release|Any CPU
	EndGlobalSection
	GlobalSection(SolutionProperties) = preSolution
		HideSolutionNode = FALSE
	EndGlobalSection
	GlobalSection(ExtensibilityGlobals) = postSolution
		SolutionGuid = {C1D06D3D-BD28-499F-94D3-850A4DF9A9A9}
	EndGlobalSection
EndGlobal
